
Microsoft Visual Studio Solution File, Format Version 12.00
# Visual Studio Version 16
VisualStudioVersion = 16.0.29613.14
MinimumVisualStudioVersion = 10.0.40219.1
Project("{9A19103F-16F7-4668-BE54-9A1E7A4F7556}") = "ELIZA", "ELIZA\ELIZA.csproj", "{996FABB6-A2D6-4202-BBF3-ED95F5DBD578}"
EndProject
Global
	GlobalSection(SolutionConfigurationPlatforms) = preSolution
		Debug|Any CPU = Debug|Any CPU
		Release|Any CPU = Release|Any CPU
	EndGlobalSection
	GlobalSection(ProjectConfigurationPlatforms) = postSolution
		{996FABB6-A2D6-4202-BBF3-ED95F5DBD578}.Debug|Any CPU.ActiveCfg = Debug|Any CPU
		{996FABB6-A2D6-4202-BBF3-ED95F5DBD578}.Debug|Any CPU.Build.0 = Debug|Any CPU
		{996FABB6-A2D6-4202-BBF3-ED95F5DBD578}.Release|Any CPU.ActiveCfg = Release|Any CPU
		{996FABB6-A2D6-4202-BBF3-ED95F5DBD578}.Release|Any CPU.Build.0 = Release|Any CPU
	EndGlobalSection
	GlobalSection(SolutionProperties) = preSolution
		HideSolutionNode = FALSE
	EndGlobalSection
	GlobalSection(ExtensibilityGlobals) = postSolution
		SolutionGuid = {ED19D883-E538-49F0-89AC-A8D6F0329C5C}
	EndGlobalSection
EndGlobal
